// !$*UTF8*$!
{
	archiveVersion = 1;
	classes = {
	};
	objectVersion = 50;
	objects = {

/* Begin PBXBuildFile section */
		218B469B253B7ABF006029D4 /* AppDelegate.swift in Sources */ = {isa = PBXBuildFile; fileRef = 218B469A253B7ABF006029D4 /* AppDelegate.swift */; };
		218B469D253B7ABF006029D4 /* SceneDelegate.swift in Sources */ = {isa = PBXBuildFile; fileRef = 218B469C253B7ABF006029D4 /* SceneDelegate.swift */; };
		218B46A2253B7ABF006029D4 /* Main.storyboard in Resources */ = {isa = PBXBuildFile; fileRef = 218B46A0253B7ABF006029D4 /* Main.storyboard */; };
		218B46A4253B7AC1006029D4 /* Assets.xcassets in Resources */ = {isa = PBXBuildFile; fileRef = 218B46A3253B7AC1006029D4 /* Assets.xcassets */; };
		218B46A7253B7AC1006029D4 /* LaunchScreen.storyboard in Resources */ = {isa = PBXBuildFile; fileRef = 218B46A5253B7AC1006029D4 /* LaunchScreen.storyboard */; };
		218B46B0253B7B2C006029D4 /* ListTableViewController.swift in Sources */ = {isa = PBXBuildFile; fileRef = 218B46AF253B7B2C006029D4 /* ListTableViewController.swift */; };
		218B46B3253B7B38006029D4 /* Item.swift in Sources */ = {isa = PBXBuildFile; fileRef = 218B46B2253B7B38006029D4 /* Item.swift */; };
		218B46BA253B7B70006029D4 /* TodoList.swift in Sources */ = {isa = PBXBuildFile; fileRef = 218B46B9253B7B70006029D4 /* TodoList.swift */; };
		218B46C0253B81BF006029D4 /* ItemTableViewCell.swift in Sources */ = {isa = PBXBuildFile; fileRef = 218B46BF253B81BF006029D4 /* ItemTableViewCell.swift */; };
/* End PBXBuildFile section */

/* Begin PBXFileReference section */
		218B4697253B7ABF006029D4 /* TodoPractice.app */ = {isa = PBXFileReference; explicitFileType = wrapper.application; includeInIndex = 0; path = TodoPractice.app; sourceTree = BUILT_PRODUCTS_DIR; };
		218B469A253B7ABF006029D4 /* AppDelegate.swift */ = {isa = PBXFileReference; lastKnownFileType = sourcecode.swift; path = AppDelegate.swift; sourceTree = "<group>"; };
		218B469C253B7ABF006029D4 /* SceneDelegate.swift */ = {isa = PBXFileReference; lastKnownFileType = sourcecode.swift; path = SceneDelegate.swift; sourceTree = "<group>"; };
		218B46A1253B7ABF006029D4 /* Base */ = {isa = PBXFileReference; lastKnownFileType = file.storyboard; name = Base; path = Base.lproj/Main.storyboard; sourceTree = "<group>"; };
		218B46A3253B7AC1006029D4 /* Assets.xcassets */ = {isa = PBXFileReference; lastKnownFileType = folder.assetcatalog; path = Assets.xcassets; sourceTree = "<group>"; };
		218B46A6253B7AC1006029D4 /* Base */ = {isa = PBXFileReference; lastKnownFileType = file.storyboard; name = Base; path = Base.lproj/LaunchScreen.storyboard; sourceTree = "<group>"; };
		218B46A8253B7AC1006029D4 /* Info.plist */ = {isa = PBXFileReference; lastKnownFileType = text.plist.xml; path = Info.plist; sourceTree = "<group>"; };
		218B46AF253B7B2C006029D4 /* ListTableViewController.swift */ = {isa = PBXFileReference; lastKnownFileType = sourcecode.swift; path = ListTableViewController.swift; sourceTree = "<group>"; };
		218B46B2253B7B38006029D4 /* Item.swift */ = {isa = PBXFileReference; lastKnownFileType = sourcecode.swift; path = Item.swift; sourceTree = "<group>"; };
		218B46B9253B7B70006029D4 /* TodoList.swift */ = {isa = PBXFileReference; lastKnownFileType = sourcecode.swift; path = TodoList.swift; sourceTree = "<group>"; };
		218B46BF253B81BF006029D4 /* ItemTableViewCell.swift */ = {isa = PBXFileReference; lastKnownFileType = sourcecode.swift; path = ItemTableViewCell.swift; sourceTree = "<group>"; };
/* End PBXFileReference section */

/* Begin PBXFrameworksBuildPhase section */
		218B4694253B7ABF006029D4 /* Frameworks */ = {
			isa = PBXFrameworksBuildPhase;
			buildActionMask = 2147483647;
			files = (
			);
			runOnlyForDeploymentPostprocessing = 0;
		};
/* End PBXFrameworksBuildPhase section */

/* Begin PBXGroup section */
		218B468E253B7ABF006029D4 = {
			isa = PBXGroup;
			children = (
				218B4699253B7ABF006029D4 /* TodoPractice */,
				218B4698253B7ABF006029D4 /* Products */,
			);
			sourceTree = "<group>";
		};
		218B4698253B7ABF006029D4 /* Products */ = {
			isa = PBXGroup;
			children = (
				218B4697253B7ABF006029D4 /* TodoPractice.app */,
			);
			name = Products;
			sourceTree = "<group>";
		};
		218B4699253B7ABF006029D4 /* TodoPractice */ = {
			isa = PBXGroup;
			children = (
				218B469A253B7ABF006029D4 /* AppDelegate.swift */,
				218B469C253B7ABF006029D4 /* SceneDelegate.swift */,
				218B46B5253B7B3F006029D4 /* Model */,
				218B46B6253B7B49006029D4 /* Controller */,
				218B46A0253B7ABF006029D4 /* Main.storyboard */,
				218B46A3253B7AC1006029D4 /* Assets.xcassets */,
				218B46A5253B7AC1006029D4 /* LaunchScreen.storyboard */,
				218B46A8253B7AC1006029D4 /* Info.plist */,
			);
			path = TodoPractice;
			sourceTree = "<group>";
		};
		218B46B5253B7B3F006029D4 /* Model */ = {
			isa = PBXGroup;
			children = (
				218B46B2253B7B38006029D4 /* Item.swift */,
				218B46B9253B7B70006029D4 /* TodoList.swift */,
			);
			path = Model;
			sourceTree = "<group>";
		};
		218B46B6253B7B49006029D4 /* Controller */ = {
			isa = PBXGroup;
			children = (
				218B46AF253B7B2C006029D4 /* ListTableViewController.swift */,
				218B46BF253B81BF006029D4 /* ItemTableViewCell.swift */,
			);
			path = Controller;
			sourceTree = "<group>";
		};
/* End PBXGroup section */

/* Begin PBXNativeTarget section */
		218B4696253B7ABF006029D4 /* TodoPractice */ = {
			isa = PBXNativeTarget;
			buildConfigurationList = 218B46AB253B7AC1006029D4 /* Build configuration list for PBXNativeTarget "TodoPractice" */;
			buildPhases = (
				218B4693253B7ABF006029D4 /* Sources */,
				218B4694253B7ABF006029D4 /* Frameworks */,
				218B4695253B7ABF006029D4 /* Resources */,
			);
			buildRules = (
			);
			dependencies = (
			);
			name = TodoPractice;
			productName = TodoPractice;
			productReference = 218B4697253B7ABF006029D4 /* TodoPractice.app */;
			productType = "com.apple.product-type.application";
		};
/* End PBXNativeTarget section */

/* Begin PBXProject section */
		218B468F253B7ABF006029D4 /* Project object */ = {
			isa = PBXProject;
			attributes = {
				LastSwiftUpdateCheck = 1200;
				LastUpgradeCheck = 1200;
				TargetAttributes = {
					218B4696253B7ABF006029D4 = {
						CreatedOnToolsVersion = 12.0.1;
					};
				};
			};
			buildConfigurationList = 218B4692253B7ABF006029D4 /* Build configuration list for PBXProject "TodoPractice" */;
			compatibilityVersion = "Xcode 9.3";
			developmentRegion = en;
			hasScannedForEncodings = 0;
			knownRegions = (
				en,
				Base,
			);
			mainGroup = 218B468E253B7ABF006029D4;
			productRefGroup = 218B4698253B7ABF006029D4 /* Products */;
			projectDirPath = "";
			projectRoot = "";
			targets = (
				218B4696253B7ABF006029D4 /* TodoPractice */,
			);
		};
/* End PBXProject section */

/* Begin PBXResourcesBuildPhase section */
		218B4695253B7ABF006029D4 /* Resources */ = {
			isa = PBXResourcesBuildPhase;
			buildActionMask = 2147483647;
			files = (
				218B46A7253B7AC1006029D4 /* LaunchScreen.storyboard in Resources */,
				218B46A4253B7AC1006029D4 /* Assets.xcassets in Resources */,
				218B46A2253B7ABF006029D4 /* Main.storyboard in Resources */,
			);
			runOnlyForDeploymentPostprocessing = 0;
		};
/* End PBXResourcesBuildPhase section */

/* Begin PBXSourcesBuildPhase section */
		218B4693253B7ABF006029D4 /* Sources */ = {
			isa = PBXSourcesBuildPhase;
			buildActionMask = 2147483647;
			files = (
				218B46BA253B7B70006029D4 /* TodoList.swift in Sources */,
				218B46B3253B7B38006029D4 /* Item.swift in Sources */,
				218B469B253B7ABF006029D4 /* AppDelegate.swift in Sources */,
				218B469D253B7ABF006029D4 /* SceneDelegate.swift in Sources */,
				218B46C0253B81BF006029D4 /* ItemTableViewCell.swift in Sources */,
				218B46B0253B7B2C006029D4 /* ListTableViewController.swift in Sources */,
			);
			runOnlyForDeploymentPostprocessing = 0;
		};
/* End PBXSourcesBuildPhase section */

/* Begin PBXVariantGroup section */
		218B46A0253B7ABF006029D4 /* Main.storyboard */ = {
			isa = PBXVariantGroup;
			children = (
				218B46A1253B7ABF006029D4 /* Base */,
			);
			name = Main.storyboard;
			sourceTree = "<group>";
		};
		218B46A5253B7AC1006029D4 /* LaunchScreen.storyboard */ = {
			isa = PBXVariantGroup;
			children = (
				218B46A6253B7AC1006029D4 /* Base */,
			);
			name = LaunchScreen.storyboard;
			sourceTree = "<group>";
		};
/* End PBXVariantGroup section */

/* Begin XCBuildConfiguration section */
		218B46A9253B7AC1006029D4 /* Debug */ = {
			isa = XCBuildConfiguration;
			buildSettings = {
				ALWAYS_SEARCH_USER_PATHS = NO;
				CLANG_ANALYZER_NONNULL = YES;
				CLANG_ANALYZER_NUMBER_OBJECT_CONVERSION = YES_AGGRESSIVE;
				CLANG_CXX_LANGUAGE_STANDARD = "gnu++14";
				CLANG_CXX_LIBRARY = "libc++";
				CLANG_ENABLE_MODULES = YES;
				CLANG_ENABLE_OBJC_ARC = YES;
				CLANG_ENABLE_OBJC_WEAK = YES;
				CLANG_WARN_BLOCK_CAPTURE_AUTORELEASING = YES;
				CLANG_WARN_BOOL_CONVERSION = YES;
				CLANG_WARN_COMMA = YES;
				CLANG_WARN_CONSTANT_CONVERSION = YES;
				CLANG_WARN_DEPRECATED_OBJC_IMPLEMENTATIONS = YES;
				CLANG_WARN_DIRECT_OBJC_ISA_USAGE = YES_ERROR;
				CLANG_WARN_DOCUMENTATION_COMMENTS = YES;
				CLANG_WARN_EMPTY_BODY = YES;
				CLANG_WARN_ENUM_CONVERSION = YES;
				CLANG_WARN_INFINITE_RECURSION = YES;
				CLANG_WARN_INT_CONVERSION = YES;
				CLANG_WARN_NON_LITERAL_NULL_CONVERSION = YES;
				CLANG_WARN_OBJC_IMPLICIT_RETAIN_SELF = YES;
				CLANG_WARN_OBJC_LITERAL_CONVERSION = YES;
				CLANG_WARN_OBJC_ROOT_CLASS = YES_ERROR;
				CLANG_WARN_QUOTED_INCLUDE_IN_FRAMEWORK_HEADER = YES;
				CLANG_WARN_RANGE_LOOP_ANALYSIS = YES;
				CLANG_WARN_STRICT_PROTOTYPES = YES;
				CLANG_WARN_SUSPICIOUS_MOVE = YES;
				CLANG_WARN_UNGUARDED_AVAILABILITY = YES_AGGRESSIVE;
				CLANG_WARN_UNREACHABLE_CODE = YES;
				CLANG_WARN__DUPLICATE_METHOD_MATCH = YES;
				COPY_PHASE_STRIP = NO;
				DEBUG_INFORMATION_FORMAT = dwarf;
				ENABLE_STRICT_OBJC_MSGSEND = YES;
				ENABLE_TESTABILITY = YES;
				GCC_C_LANGUAGE_STANDARD = gnu11;
				GCC_DYNAMIC_NO_PIC = NO;
				GCC_NO_COMMON_BLOCKS = YES;
				GCC_OPTIMIZATION_LEVEL = 0;
				GCC_PREPROCESSOR_DEFINITIONS = (
					"DEBUG=1",
					"$(inherited)",
				);
				GCC_WARN_64_TO_32_BIT_CONVERSION = YES;
				GCC_WARN_ABOUT_RETURN_TYPE = YES_ERROR;
				GCC_WARN_UNDECLARED_SELECTOR = YES;
				GCC_WARN_UNINITIALIZED_AUTOS = YES_AGGRESSIVE;
				GCC_WARN_UNUSED_FUNCTION = YES;
				GCC_WARN_UNUSED_VARIABLE = YES;
				IPHONEOS_DEPLOYMENT_TARGET = 14.0;
				MTL_ENABLE_DEBUG_INFO = INCLUDE_SOURCE;
				MTL_FAST_MATH = YES;
				ONLY_ACTIVE_ARCH = YES;
				SDKROOT = iphoneos;
				SWIFT_ACTIVE_COMPILATION_CONDITIONS = DEBUG;
				SWIFT_OPTIMIZATION_LEVEL = "-Onone";
			};
			name = Debug;
		};
		218B46AA253B7AC1006029D4 /* Release */ = {
			isa = XCBuildConfiguration;
			buildSettings = {
				ALWAYS_SEARCH_USER_PATHS = NO;
				CLANG_ANALYZER_NONNULL = YES;
				CLANG_ANALYZER_NUMBER_OBJECT_CONVERSION = YES_AGGRESSIVE;
				CLANG_CXX_LANGUAGE_STANDARD = "gnu++14";
				CLANG_CXX_LIBRARY = "libc++";
				CLANG_ENABLE_MODULES = YES;
				CLANG_ENABLE_OBJC_ARC = YES;
				CLANG_ENABLE_OBJC_WEAK = YES;
				CLANG_WARN_BLOCK_CAPTURE_AUTORELEASING = YES;
				CLANG_WARN_BOOL_CONVERSION = YES;
				CLANG_WARN_COMMA = YES;
				CLANG_WARN_CONSTANT_CONVERSION = YES;
				CLANG_WARN_DEPRECATED_OBJC_IMPLEMENTATIONS = YES;
				CLANG_WARN_DIRECT_OBJC_ISA_USAGE = YES_ERROR;
				CLANG_WARN_DOCUMENTATION_COMMENTS = YES;
				CLANG_WARN_EMPTY_BODY = YES;
				CLANG_WARN_ENUM_CONVERSION = YES;
				CLANG_WARN_INFINITE_RECURSION = YES;
				CLANG_WARN_INT_CONVERSION = YES;
				CLANG_WARN_NON_LITERAL_NULL_CONVERSION = YES;
				CLANG_WARN_OBJC_IMPLICIT_RETAIN_SELF = YES;
				CLANG_WARN_OBJC_LITERAL_CONVERSION = YES;
				CLANG_WARN_OBJC_ROOT_CLASS = YES_ERROR;
				CLANG_WARN_QUOTED_INCLUDE_IN_FRAMEWORK_HEADER = YES;
				CLANG_WARN_RANGE_LOOP_ANALYSIS = YES;
				CLANG_WARN_STRICT_PROTOTYPES = YES;
				CLANG_WARN_SUSPICIOUS_MOVE = YES;
				CLANG_WARN_UNGUARDED_AVAILABILITY = YES_AGGRESSIVE;
				CLANG_WARN_UNREACHABLE_CODE = YES;
				CLANG_WARN__DUPLICATE_METHOD_MATCH = YES;
				COPY_PHASE_STRIP = NO;
				DEBUG_INFORMATION_FORMAT = "dwarf-with-dsym";
				ENABLE_NS_ASSERTIONS = NO;
				ENABLE_STRICT_OBJC_MSGSEND = YES;
				GCC_C_LANGUAGE_STANDARD = gnu11;
				GCC_NO_COMMON_BLOCKS = YES;
				GCC_WARN_64_TO_32_BIT_CONVERSION = YES;
				GCC_WARN_ABOUT_RETURN_TYPE = YES_ERROR;
				GCC_WARN_UNDECLARED_SELECTOR = YES;
				GCC_WARN_UNINITIALIZED_AUTOS = YES_AGGRESSIVE;
				GCC_WARN_UNUSED_FUNCTION = YES;
				GCC_WARN_UNUSED_VARIABLE = YES;
				IPHONEOS_DEPLOYMENT_TARGET = 14.0;
				MTL_ENABLE_DEBUG_INFO = NO;
				MTL_FAST_MATH = YES;
				SDKROOT = iphoneos;
				SWIFT_COMPILATION_MODE = wholemodule;
				SWIFT_OPTIMIZATION_LEVEL = "-O";
				VALIDATE_PRODUCT = YES;
			};
			name = Release;
		};
		218B46AC253B7AC1006029D4 /* Debug */ = {
			isa = XCBuildConfiguration;
			buildSettings = {
				ASSETCATALOG_COMPILER_APPICON_NAME = AppIcon;
				ASSETCATALOG_COMPILER_GLOBAL_ACCENT_COLOR_NAME = AccentColor;
				CODE_SIGN_STYLE = Automatic;
				DEVELOPMENT_TEAM = QLJ84Q3ZSY;
				INFOPLIST_FILE = TodoPractice/Info.plist;
				LD_RUNPATH_SEARCH_PATHS = (
					"$(inherited)",
					"@executable_path/Frameworks",
				);
				PRODUCT_BUNDLE_IDENTIFIER = com.aveldanov.TodoPractice;
				PRODUCT_NAME = "$(TARGET_NAME)";
				SWIFT_VERSION = 5.0;
				TARGETED_DEVICE_FAMILY = "1,2";
			};
			name = Debug;
		};
		218B46AD253B7AC1006029D4 /* Release */ = {
			isa = XCBuildConfiguration;
			buildSettings = {
				ASSETCATALOG_COMPILER_APPICON_NAME = AppIcon;
				ASSETCATALOG_COMPILER_GLOBAL_ACCENT_COLOR_NAME = AccentColor;
				CODE_SIGN_STYLE = Automatic;
				DEVELOPMENT_TEAM = QLJ84Q3ZSY;
				INFOPLIST_FILE = TodoPractice/Info.plist;
				LD_RUNPATH_SEARCH_PATHS = (
					"$(inherited)",
					"@executable_path/Frameworks",
				);
				PRODUCT_BUNDLE_IDENTIFIER = com.aveldanov.TodoPractice;
				PRODUCT_NAME = "$(TARGET_NAME)";
				SWIFT_VERSION = 5.0;
				TARGETED_DEVICE_FAMILY = "1,2";
			};
			name = Release;
		};
/* End XCBuildConfiguration section */

/* Begin XCConfigurationList section */
		218B4692253B7ABF006029D4 /* Build configuration list for PBXProject "TodoPractice" */ = {
			isa = XCConfigurationList;
			buildConfigurations = (
				218B46A9253B7AC1006029D4 /* Debug */,
				218B46AA253B7AC1006029D4 /* Release */,
			);
			defaultConfigurationIsVisible = 0;
			defaultConfigurationName = Release;
		};
		218B46AB253B7AC1006029D4 /* Build configuration list for PBXNativeTarget "TodoPractice" */ = {
			isa = XCConfigurationList;
			buildConfigurations = (
				218B46AC253B7AC1006029D4 /* Debug */,
				218B46AD253B7AC1006029D4 /* Release */,
			);
			defaultConfigurationIsVisible = 0;
			defaultConfigurationName = Release;
		};
/* End XCConfigurationList section */
	};
	rootObject = 218B468F253B7ABF006029D4 /* Project object */;
}
